# This file is automatically @generated by Cargo.
# It is not intended for manual editing.
version = 3

[[package]]
name = "zeroize"
version = "1.5.6"
source = "registry+https://github.com/rust-lang/crates.io-index"
checksum = "20b578acffd8516a6c3f2a1bdefc1ec37e547bb4e0fb8b6b01a4cafc886b4442"

[[package]]
name = "zeroize-check"
version = "0.1.0"
dependencies = [
 "zeroize",
]
